{
  "name": "step-viewer-demo",
  "version": "0.0.0",
  "lockfileVersion": 3,
  "requires": true,
  "packages": {
    "": {
      "name": "step-viewer-demo",
      "version": "0.0.0",
      "devDependencies": {
        "@types/node": "20.19.43",
        "@types/three": "0.160.0",
        "occt-import-js": "0.0.23",
        "three": "0.160.0",
        "typescript": "5.4.5"
      }
    },
    "node_modules/@types/node": {
      "version": "20.19.43",
      "resolved": "https://registry.npmjs.org/@types/node/-/node-20.19.43.tgz",
      "integrity": "sha512-6oYBAi5ikg4Pl+kGsoYtawUMBT2zZMCvPNF7pVLnHZfd1zf38DRiWn/gT01RYCdUqkv7Fhr+C9ot4/tb+2sVvA==",
      "dev": true,
      "license": "MIT",
      "dependencies": {
        "undici-types": "~6.21.0"
      }
    },
    "node_modules/@types/stats.js": {
      "version": "0.17.4",
      "resolved": "https://registry.npmjs.org/@types/stats.js/-/stats.js-0.17.4.tgz",
      "integrity": "sha512-jIBvWWShCvlBqBNIZt0KAshWpvSjhkwkEu4ZUcASoAvhmrgAUI2t1dXrjSL4xXVLB4FznPrIsX3nKXFl/Dt4vA==",
      "dev": true,
      "license": "MIT"
    },
    "node_modules/@types/three": {
      "version": "0.160.0",
      "resolved": "https://registry.npmjs.org/@types/three/-/three-0.160.0.tgz",
      "integrity": "sha512-jWlbUBovicUKaOYxzgkLlhkiEQJkhCVvg4W2IYD2trqD2om3VK4DGLpHH5zQHNr7RweZK/5re/4IVhbhvxbV9w==",
      "dev": true,
      "license": "MIT",
      "dependencies": {
        "@types/stats.js": "*",
        "@types/webxr": "*",
        "fflate": "~0.6.10",
        "meshoptimizer": "~0.18.1"
      }
    },
    "node_modules/@types/webxr": {
      "version": "0.5.24",
      "resolved": "https://registry.npmjs.org/@types/webxr/-/webxr-0.5.24.tgz",
      "integrity": "sha512-h8fgEd/DpoS9CBrjEQXR+dIDraopAEfu4wYVNY2tEPwk60stPWhvZMf4Foo5FakuQ7HFZoa8WceaWFervK2Ovg==",
      "dev": true,
      "license": "MIT"
    },
    "node_modules/fflate": {
      "version": "0.6.11",
      "resolved": "https://registry.npmjs.org/fflate/-/fflate-0.6.11.tgz",
      "integrity": "sha512-3JyEFWGjFn7zHmoa9+zG1BmW7X2okcmAB+0Cnu9UFbVs/jCBnl2A8o065ZlXiw145K3eBM3uLuzrYXC0RK7eDg==",
      "dev": true,
      "license": "MIT"
    },
    "node_modules/meshoptimizer": {
      "version": "0.18.1",
      "resolved": "https://registry.npmjs.org/meshoptimizer/-/meshoptimizer-0.18.1.tgz",
      "integrity": "sha512-ZhoIoL7TNV4s5B6+rx5mC//fw8/POGyNxS/DZyCJeiZ12ScLfVwRE/GfsxwiTkMYYD5DmK2/JXnEVXqL4rF+Sw==",
      "dev": true,
      "license": "MIT"
    },
    "node_modules/occt-import-js": {
      "version": "0.0.23",
      "resolved": "https://registry.npmjs.org/occt-import-js/-/occt-import-js-0.0.23.tgz",
      "integrity": "sha512-RFfYQXYFX5C1mB1Aywm0ShcUKzXOr/VzTnlzhBSDJOR6YCAPt1HYCzeXWg1vwwjn/cUxwqRNhhtf1dlewoZYCQ==",
      "dev": true,
      "license": "LGPL-2.1"
    },
    "node_modules/three": {
      "version": "0.160.0",
      "resolved": "https://registry.npmjs.org/three/-/three-0.160.0.tgz",
      "integrity": "sha512-DLU8lc0zNIPkM7rH5/e1Ks1Z8tWCGRq6g8mPowdDJpw1CFBJMU7UoJjC6PefXW7z//SSl0b2+GCw14LB+uDhng==",
      "dev": true,
      "license": "MIT"
    },
    "node_modules/typescript": {
      "version": "5.4.5",
      "resolved": "https://registry.npmjs.org/typescript/-/typescript-5.4.5.tgz",
      "integrity": "sha512-vcI4UpRgg81oIRUFwR0WSIHKt11nJ7SAVlYNIu+QpqeyXP+gpQJy/Z4+F0aGxSE4MqwjyXvW/TzgkLAx2AGHwQ==",
      "dev": true,
      "license": "Apache-2.0",
      "bin": {
        "tsc": "bin/tsc",
        "tsserver": "bin/tsserver"
      },
      "engines": {
        "node": ">=14.17"
      }
    },
    "node_modules/undici-types": {
      "version": "6.21.0",
      "resolved": "https://registry.npmjs.org/undici-types/-/undici-types-6.21.0.tgz",
      "integrity": "sha512-iwDZqg0QAGrg9Rav5H4n0M64c3mkR59cJ6wQp+7C4nI0gsmExaedaYLNO44eT4AtBBwjbTiGPMlt2Md0T9H9JQ==",
      "dev": true,
      "license": "MIT"
    }
  }
}
